// !$*UTF8*$!
{
	archiveVersion = 1;
	classes = {
	};
	objectVersion = 50;
	objects = {

/* Begin PBXBuildFile section */
		3CA8C32CDCFD31F472D2D6F8 /* Pods_Alice.framework in Frameworks */ = {isa = PBXBuildFile; fileRef = D89268ADDDE1E0D25C0A19BD /* Pods_Alice.framework */; };
		EFCD99CC210D7E6900BB446C /* AppDelegate.swift in Sources */ = {isa = PBXBuildFile; fileRef = EFCD99CB210D7E6900BB446C /* AppDelegate.swift */; };
		EFCD99CE210D7E6900BB446C /* ViewController.swift in Sources */ = {isa = PBXBuildFile; fileRef = EFCD99CD210D7E6900BB446C /* ViewController.swift */; };
		EFCD99D1210D7E6900BB446C /* Main.storyboard in Resources */ = {isa = PBXBuildFile; fileRef = EFCD99CF210D7E6900BB446C /* Main.storyboard */; };
		EFCD99D3210D7E6B00BB446C /* Assets.xcassets in Resources */ = {isa = PBXBuildFile; fileRef = EFCD99D2210D7E6B00BB446C /* Assets.xcassets */; };
		EFCD99D6210D7E6B00BB446C /* LaunchScreen.storyboard in Resources */ = {isa = PBXBuildFile; fileRef = EFCD99D4210D7E6B00BB446C /* LaunchScreen.storyboard */; };
		EFCD99DE210D852A00BB446C /* ServerCommunicator.swift in Sources */ = {isa = PBXBuildFile; fileRef = EFCD99DD210D852A00BB446C /* ServerCommunicator.swift */; };
		EFCD99E1210D854200BB446C /* DataManager.swift in Sources */ = {isa = PBXBuildFile; fileRef = EFCD99E0210D854200BB446C /* DataManager.swift */; };
		EFCD99E3210D854C00BB446C /* DataModel.swift in Sources */ = {isa = PBXBuildFile; fileRef = EFCD99E2210D854B00BB446C /* DataModel.swift */; };
/* End PBXBuildFile section */

/* Begin PBXFileReference section */
		0FC5AE7076D231C069E73D25 /* Pods-Alice.release.xcconfig */ = {isa = PBXFileReference; includeInIndex = 1; lastKnownFileType = text.xcconfig; name = "Pods-Alice.release.xcconfig"; path = "Pods/Target Support Files/Pods-Alice/Pods-Alice.release.xcconfig"; sourceTree = "<group>"; };
		34701CDA7815B5936025A257 /* Pods-Alice.debug.xcconfig */ = {isa = PBXFileReference; includeInIndex = 1; lastKnownFileType = text.xcconfig; name = "Pods-Alice.debug.xcconfig"; path = "Pods/Target Support Files/Pods-Alice/Pods-Alice.debug.xcconfig"; sourceTree = "<group>"; };
		D89268ADDDE1E0D25C0A19BD /* Pods_Alice.framework */ = {isa = PBXFileReference; explicitFileType = wrapper.framework; includeInIndex = 0; path = Pods_Alice.framework; sourceTree = BUILT_PRODUCTS_DIR; };
		EFCD99C8210D7E6900BB446C /* Alice.app */ = {isa = PBXFileReference; explicitFileType = wrapper.application; includeInIndex = 0; path = Alice.app; sourceTree = BUILT_PRODUCTS_DIR; };
		EFCD99CB210D7E6900BB446C /* AppDelegate.swift */ = {isa = PBXFileReference; lastKnownFileType = sourcecode.swift; path = AppDelegate.swift; sourceTree = "<group>"; };
		EFCD99CD210D7E6900BB446C /* ViewController.swift */ = {isa = PBXFileReference; lastKnownFileType = sourcecode.swift; path = ViewController.swift; sourceTree = "<group>"; };
		EFCD99D0210D7E6900BB446C /* Base */ = {isa = PBXFileReference; lastKnownFileType = file.storyboard; name = Base; path = Base.lproj/Main.storyboard; sourceTree = "<group>"; };
		EFCD99D2210D7E6B00BB446C /* Assets.xcassets */ = {isa = PBXFileReference; lastKnownFileType = folder.assetcatalog; path = Assets.xcassets; sourceTree = "<group>"; };
		EFCD99D5210D7E6B00BB446C /* Base */ = {isa = PBXFileReference; lastKnownFileType = file.storyboard; name = Base; path = Base.lproj/LaunchScreen.storyboard; sourceTree = "<group>"; };
		EFCD99D7210D7E6B00BB446C /* Info.plist */ = {isa = PBXFileReference; lastKnownFileType = text.plist.xml; path = Info.plist; sourceTree = "<group>"; };
		EFCD99DD210D852A00BB446C /* ServerCommunicator.swift */ = {isa = PBXFileReference; lastKnownFileType = sourcecode.swift; path = ServerCommunicator.swift; sourceTree = "<group>"; };
		EFCD99E0210D854200BB446C /* DataManager.swift */ = {isa = PBXFileReference; lastKnownFileType = sourcecode.swift; path = DataManager.swift; sourceTree = "<group>"; };
		EFCD99E2210D854B00BB446C /* DataModel.swift */ = {isa = PBXFileReference; lastKnownFileType = sourcecode.swift; path = DataModel.swift; sourceTree = "<group>"; };
/* End PBXFileReference section */

/* Begin PBXFrameworksBuildPhase section */
		EFCD99C5210D7E6900BB446C /* Frameworks */ = {
			isa = PBXFrameworksBuildPhase;
			buildActionMask = 2147483647;
			files = (
				3CA8C32CDCFD31F472D2D6F8 /* Pods_Alice.framework in Frameworks */,
			);
			runOnlyForDeploymentPostprocessing = 0;
		};
/* End PBXFrameworksBuildPhase section */

/* Begin PBXGroup section */
		3CB9493C68E1B72D97DA7881 /* Pods */ = {
			isa = PBXGroup;
			children = (
				34701CDA7815B5936025A257 /* Pods-Alice.debug.xcconfig */,
				0FC5AE7076D231C069E73D25 /* Pods-Alice.release.xcconfig */,
			);
			name = Pods;
			sourceTree = "<group>";
		};
		6EF706CFD6DB02CCCDF3FC26 /* Frameworks */ = {
			isa = PBXGroup;
			children = (
				D89268ADDDE1E0D25C0A19BD /* Pods_Alice.framework */,
			);
			name = Frameworks;
			sourceTree = "<group>";
		};
		EFCD99BF210D7E6800BB446C = {
			isa = PBXGroup;
			children = (
				EFCD99CA210D7E6900BB446C /* Alice */,
				EFCD99C9210D7E6900BB446C /* Products */,
				3CB9493C68E1B72D97DA7881 /* Pods */,
				6EF706CFD6DB02CCCDF3FC26 /* Frameworks */,
			);
			sourceTree = "<group>";
		};
		EFCD99C9210D7E6900BB446C /* Products */ = {
			isa = PBXGroup;
			children = (
				EFCD99C8210D7E6900BB446C /* Alice.app */,
			);
			name = Products;
			sourceTree = "<group>";
		};
		EFCD99CA210D7E6900BB446C /* Alice */ = {
			isa = PBXGroup;
			children = (
				EFCD99CB210D7E6900BB446C /* AppDelegate.swift */,
				EFCD99CD210D7E6900BB446C /* ViewController.swift */,
				EFCD99DF210D853400BB446C /* APIManager */,
				EFCD99CF210D7E6900BB446C /* Main.storyboard */,
				EFCD99D2210D7E6B00BB446C /* Assets.xcassets */,
				EFCD99D4210D7E6B00BB446C /* LaunchScreen.storyboard */,
				EFCD99D7210D7E6B00BB446C /* Info.plist */,
			);
			path = Alice;
			sourceTree = "<group>";
		};
		EFCD99DF210D853400BB446C /* APIManager */ = {
			isa = PBXGroup;
			children = (
				EFCD99DD210D852A00BB446C /* ServerCommunicator.swift */,
				EFCD99E0210D854200BB446C /* DataManager.swift */,
				EFCD99E2210D854B00BB446C /* DataModel.swift */,
			);
			path = APIManager;
			sourceTree = "<group>";
		};
/* End PBXGroup section */

/* Begin PBXNativeTarget section */
		EFCD99C7210D7E6900BB446C /* Alice */ = {
			isa = PBXNativeTarget;
			buildConfigurationList = EFCD99DA210D7E6B00BB446C /* Build configuration list for PBXNativeTarget "Alice" */;
			buildPhases = (
				ACD3EBB8D9EF414286F5EE40 /* [CP] Check Pods Manifest.lock */,
				EFCD99C4210D7E6900BB446C /* Sources */,
				EFCD99C5210D7E6900BB446C /* Frameworks */,
				EFCD99C6210D7E6900BB446C /* Resources */,
				CEAF279E9FA223908A03043B /* [CP] Embed Pods Frameworks */,
			);
			buildRules = (
			);
			dependencies = (
			);
			name = Alice;
			productName = Alice;
			productReference = EFCD99C8210D7E6900BB446C /* Alice.app */;
			productType = "com.apple.product-type.application";
		};
/* End PBXNativeTarget section */

/* Begin PBXProject section */
		EFCD99C0210D7E6800BB446C /* Project object */ = {
			isa = PBXProject;
			attributes = {
				LastSwiftUpdateCheck = 0940;
				LastUpgradeCheck = 0940;
				ORGANIZATIONNAME = tachikoma;
				TargetAttributes = {
					EFCD99C7210D7E6900BB446C = {
						CreatedOnToolsVersion = 9.4;
					};
				};
			};
			buildConfigurationList = EFCD99C3210D7E6800BB446C /* Build configuration list for PBXProject "Alice" */;
			compatibilityVersion = "Xcode 9.3";
			developmentRegion = en;
			hasScannedForEncodings = 0;
			knownRegions = (
				en,
				Base,
			);
			mainGroup = EFCD99BF210D7E6800BB446C;
			productRefGroup = EFCD99C9210D7E6900BB446C /* Products */;
			projectDirPath = "";
			projectRoot = "";
			targets = (
				EFCD99C7210D7E6900BB446C /* Alice */,
			);
		};
/* End PBXProject section */

/* Begin PBXResourcesBuildPhase section */
		EFCD99C6210D7E6900BB446C /* Resources */ = {
			isa = PBXResourcesBuildPhase;
			buildActionMask = 2147483647;
			files = (
				EFCD99D6210D7E6B00BB446C /* LaunchScreen.storyboard in Resources */,
				EFCD99D3210D7E6B00BB446C /* Assets.xcassets in Resources */,
				EFCD99D1210D7E6900BB446C /* Main.storyboard in Resources */,
			);
			runOnlyForDeploymentPostprocessing = 0;
		};
/* End PBXResourcesBuildPhase section */

/* Begin PBXShellScriptBuildPhase section */
		ACD3EBB8D9EF414286F5EE40 /* [CP] Check Pods Manifest.lock */ = {
			isa = PBXShellScriptBuildPhase;
			buildActionMask = 2147483647;
			files = (
			);
			inputPaths = (
				"${PODS_PODFILE_DIR_PATH}/Podfile.lock",
				"${PODS_ROOT}/Manifest.lock",
			);
			name = "[CP] Check Pods Manifest.lock";
			outputPaths = (
				"$(DERIVED_FILE_DIR)/Pods-Alice-checkManifestLockResult.txt",
			);
			runOnlyForDeploymentPostprocessing = 0;
			shellPath = /bin/sh;
			shellScript = "diff \"${PODS_PODFILE_DIR_PATH}/Podfile.lock\" \"${PODS_ROOT}/Manifest.lock\" > /dev/null\nif [ $? != 0 ] ; then\n    # print error to STDERR\n    echo \"error: The sandbox is not in sync with the Podfile.lock. Run 'pod install' or update your CocoaPods installation.\" >&2\n    exit 1\nfi\n# This output is used by Xcode 'outputs' to avoid re-running this script phase.\necho \"SUCCESS\" > \"${SCRIPT_OUTPUT_FILE_0}\"\n";
			showEnvVarsInLog = 0;
		};
		CEAF279E9FA223908A03043B /* [CP] Embed Pods Frameworks */ = {
			isa = PBXShellScriptBuildPhase;
			buildActionMask = 2147483647;
			files = (
			);
			inputPaths = (
				"${SRCROOT}/Pods/Target Support Files/Pods-Alice/Pods-Alice-frameworks.sh",
				"${BUILT_PRODUCTS_DIR}/Alamofire/Alamofire.framework",
			);
			name = "[CP] Embed Pods Frameworks";
			outputPaths = (
				"${TARGET_BUILD_DIR}/${FRAMEWORKS_FOLDER_PATH}/Alamofire.framework",
			);
			runOnlyForDeploymentPostprocessing = 0;
			shellPath = /bin/sh;
			shellScript = "\"${SRCROOT}/Pods/Target Support Files/Pods-Alice/Pods-Alice-frameworks.sh\"\n";
			showEnvVarsInLog = 0;
		};
/* End PBXShellScriptBuildPhase section */

/* Begin PBXSourcesBuildPhase section */
		EFCD99C4210D7E6900BB446C /* Sources */ = {
			isa = PBXSourcesBuildPhase;
			buildActionMask = 2147483647;
			files = (
				EFCD99E3210D854C00BB446C /* DataModel.swift in Sources */,
				EFCD99CE210D7E6900BB446C /* ViewController.swift in Sources */,
				EFCD99E1210D854200BB446C /* DataManager.swift in Sources */,
				EFCD99DE210D852A00BB446C /* ServerCommunicator.swift in Sources */,
				EFCD99CC210D7E6900BB446C /* AppDelegate.swift in Sources */,
			);
			runOnlyForDeploymentPostprocessing = 0;
		};
/* End PBXSourcesBuildPhase section */

/* Begin PBXVariantGroup section */
		EFCD99CF210D7E6900BB446C /* Main.storyboard */ = {
			isa = PBXVariantGroup;
			children = (
				EFCD99D0210D7E6900BB446C /* Base */,
			);
			name = Main.storyboard;
			sourceTree = "<group>";
		};
		EFCD99D4210D7E6B00BB446C /* LaunchScreen.storyboard */ = {
			isa = PBXVariantGroup;
			children = (
				EFCD99D5210D7E6B00BB446C /* Base */,
			);
			name = LaunchScreen.storyboard;
			sourceTree = "<group>";
		};
/* End PBXVariantGroup section */

/* Begin XCBuildConfiguration section */
		EFCD99D8210D7E6B00BB446C /* Debug */ = {
			isa = XCBuildConfiguration;
			buildSettings = {
				ALWAYS_SEARCH_USER_PATHS = NO;
				CLANG_ANALYZER_NONNULL = YES;
				CLANG_ANALYZER_NUMBER_OBJECT_CONVERSION = YES_AGGRESSIVE;
				CLANG_CXX_LANGUAGE_STANDARD = "gnu++14";
				CLANG_CXX_LIBRARY = "libc++";
				CLANG_ENABLE_MODULES = YES;
				CLANG_ENABLE_OBJC_ARC = YES;
				CLANG_ENABLE_OBJC_WEAK = YES;
				CLANG_WARN_BLOCK_CAPTURE_AUTORELEASING = YES;
				CLANG_WARN_BOOL_CONVERSION = YES;
				CLANG_WARN_COMMA = YES;
				CLANG_WARN_CONSTANT_CONVERSION = YES;
				CLANG_WARN_DEPRECATED_OBJC_IMPLEMENTATIONS = YES;
				CLANG_WARN_DIRECT_OBJC_ISA_USAGE = YES_ERROR;
				CLANG_WARN_DOCUMENTATION_COMMENTS = YES;
				CLANG_WARN_EMPTY_BODY = YES;
				CLANG_WARN_ENUM_CONVERSION = YES;
				CLANG_WARN_INFINITE_RECURSION = YES;
				CLANG_WARN_INT_CONVERSION = YES;
				CLANG_WARN_NON_LITERAL_NULL_CONVERSION = YES;
				CLANG_WARN_OBJC_IMPLICIT_RETAIN_SELF = YES;
				CLANG_WARN_OBJC_LITERAL_CONVERSION = YES;
				CLANG_WARN_OBJC_ROOT_CLASS = YES_ERROR;
				CLANG_WARN_RANGE_LOOP_ANALYSIS = YES;
				CLANG_WARN_STRICT_PROTOTYPES = YES;
				CLANG_WARN_SUSPICIOUS_MOVE = YES;
				CLANG_WARN_UNGUARDED_AVAILABILITY = YES_AGGRESSIVE;
				CLANG_WARN_UNREACHABLE_CODE = YES;
				CLANG_WARN__DUPLICATE_METHOD_MATCH = YES;
				CODE_SIGN_IDENTITY = "iPhone Developer";
				COPY_PHASE_STRIP = NO;
				DEBUG_INFORMATION_FORMAT = dwarf;
				ENABLE_STRICT_OBJC_MSGSEND = YES;
				ENABLE_TESTABILITY = YES;
				GCC_C_LANGUAGE_STANDARD = gnu11;
				GCC_DYNAMIC_NO_PIC = NO;
				GCC_NO_COMMON_BLOCKS = YES;
				GCC_OPTIMIZATION_LEVEL = 0;
				GCC_PREPROCESSOR_DEFINITIONS = (
					"DEBUG=1",
					"$(inherited)",
				);
				GCC_WARN_64_TO_32_BIT_CONVERSION = YES;
				GCC_WARN_ABOUT_RETURN_TYPE = YES_ERROR;
				GCC_WARN_UNDECLARED_SELECTOR = YES;
				GCC_WARN_UNINITIALIZED_AUTOS = YES_AGGRESSIVE;
				GCC_WARN_UNUSED_FUNCTION = YES;
				GCC_WARN_UNUSED_VARIABLE = YES;
				IPHONEOS_DEPLOYMENT_TARGET = 11.4;
				MTL_ENABLE_DEBUG_INFO = YES;
				ONLY_ACTIVE_ARCH = YES;
				SDKROOT = iphoneos;
				SWIFT_ACTIVE_COMPILATION_CONDITIONS = DEBUG;
				SWIFT_OPTIMIZATION_LEVEL = "-Onone";
			};
			name = Debug;
		};
		EFCD99D9210D7E6B00BB446C /* Release */ = {
			isa = XCBuildConfiguration;
			buildSettings = {
				ALWAYS_SEARCH_USER_PATHS = NO;
				CLANG_ANALYZER_NONNULL = YES;
				CLANG_ANALYZER_NUMBER_OBJECT_CONVERSION = YES_AGGRESSIVE;
				CLANG_CXX_LANGUAGE_STANDARD = "gnu++14";
				CLANG_CXX_LIBRARY = "libc++";
				CLANG_ENABLE_MODULES = YES;
				CLANG_ENABLE_OBJC_ARC = YES;
				CLANG_ENABLE_OBJC_WEAK = YES;
				CLANG_WARN_BLOCK_CAPTURE_AUTORELEASING = YES;
				CLANG_WARN_BOOL_CONVERSION = YES;
				CLANG_WARN_COMMA = YES;
				CLANG_WARN_CONSTANT_CONVERSION = YES;
				CLANG_WARN_DEPRECATED_OBJC_IMPLEMENTATIONS = YES;
				CLANG_WARN_DIRECT_OBJC_ISA_USAGE = YES_ERROR;
				CLANG_WARN_DOCUMENTATION_COMMENTS = YES;
				CLANG_WARN_EMPTY_BODY = YES;
				CLANG_WARN_ENUM_CONVERSION = YES;
				CLANG_WARN_INFINITE_RECURSION = YES;
				CLANG_WARN_INT_CONVERSION = YES;
				CLANG_WARN_NON_LITERAL_NULL_CONVERSION = YES;
				CLANG_WARN_OBJC_IMPLICIT_RETAIN_SELF = YES;
				CLANG_WARN_OBJC_LITERAL_CONVERSION = YES;
				CLANG_WARN_OBJC_ROOT_CLASS = YES_ERROR;
				CLANG_WARN_RANGE_LOOP_ANALYSIS = YES;
				CLANG_WARN_STRICT_PROTOTYPES = YES;
				CLANG_WARN_SUSPICIOUS_MOVE = YES;
				CLANG_WARN_UNGUARDED_AVAILABILITY = YES_AGGRESSIVE;
				CLANG_WARN_UNREACHABLE_CODE = YES;
				CLANG_WARN__DUPLICATE_METHOD_MATCH = YES;
				CODE_SIGN_IDENTITY = "iPhone Developer";
				COPY_PHASE_STRIP = NO;
				DEBUG_INFORMATION_FORMAT = "dwarf-with-dsym";
				ENABLE_NS_ASSERTIONS = NO;
				ENABLE_STRICT_OBJC_MSGSEND = YES;
				GCC_C_LANGUAGE_STANDARD = gnu11;
				GCC_NO_COMMON_BLOCKS = YES;
				GCC_WARN_64_TO_32_BIT_CONVERSION = YES;
				GCC_WARN_ABOUT_RETURN_TYPE = YES_ERROR;
				GCC_WARN_UNDECLARED_SELECTOR = YES;
				GCC_WARN_UNINITIALIZED_AUTOS = YES_AGGRESSIVE;
				GCC_WARN_UNUSED_FUNCTION = YES;
				GCC_WARN_UNUSED_VARIABLE = YES;
				IPHONEOS_DEPLOYMENT_TARGET = 11.4;
				MTL_ENABLE_DEBUG_INFO = NO;
				SDKROOT = iphoneos;
				SWIFT_COMPILATION_MODE = wholemodule;
				SWIFT_OPTIMIZATION_LEVEL = "-O";
				VALIDATE_PRODUCT = YES;
			};
			name = Release;
		};
		EFCD99DB210D7E6B00BB446C /* Debug */ = {
			isa = XCBuildConfiguration;
			baseConfigurationReference = 34701CDA7815B5936025A257 /* Pods-Alice.debug.xcconfig */;
			buildSettings = {
				ASSETCATALOG_COMPILER_APPICON_NAME = AppIcon;
				CODE_SIGN_STYLE = Automatic;
				DEVELOPMENT_TEAM = CHZWYBA9N7;
				INFOPLIST_FILE = Alice/Info.plist;
				LD_RUNPATH_SEARCH_PATHS = (
					"$(inherited)",
					"@executable_path/Frameworks",
				);
				PRODUCT_BUNDLE_IDENTIFIER = com.tachikoma.Alice;
				PRODUCT_NAME = "$(TARGET_NAME)";
				SWIFT_VERSION = 4.0;
				TARGETED_DEVICE_FAMILY = "1,2";
			};
			name = Debug;
		};
		EFCD99DC210D7E6B00BB446C /* Release */ = {
			isa = XCBuildConfiguration;
			baseConfigurationReference = 0FC5AE7076D231C069E73D25 /* Pods-Alice.release.xcconfig */;
			buildSettings = {
				ASSETCATALOG_COMPILER_APPICON_NAME = AppIcon;
				CODE_SIGN_STYLE = Automatic;
				DEVELOPMENT_TEAM = CHZWYBA9N7;
				INFOPLIST_FILE = Alice/Info.plist;
				LD_RUNPATH_SEARCH_PATHS = (
					"$(inherited)",
					"@executable_path/Frameworks",
				);
				PRODUCT_BUNDLE_IDENTIFIER = com.tachikoma.Alice;
				PRODUCT_NAME = "$(TARGET_NAME)";
				SWIFT_VERSION = 4.0;
				TARGETED_DEVICE_FAMILY = "1,2";
			};
			name = Release;
		};
/* End XCBuildConfiguration section */

/* Begin XCConfigurationList section */
		EFCD99C3210D7E6800BB446C /* Build configuration list for PBXProject "Alice" */ = {
			isa = XCConfigurationList;
			buildConfigurations = (
				EFCD99D8210D7E6B00BB446C /* Debug */,
				EFCD99D9210D7E6B00BB446C /* Release */,
			);
			defaultConfigurationIsVisible = 0;
			defaultConfigurationName = Release;
		};
		EFCD99DA210D7E6B00BB446C /* Build configuration list for PBXNativeTarget "Alice" */ = {
			isa = XCConfigurationList;
			buildConfigurations = (
				EFCD99DB210D7E6B00BB446C /* Debug */,
				EFCD99DC210D7E6B00BB446C /* Release */,
			);
			defaultConfigurationIsVisible = 0;
			defaultConfigurationName = Release;
		};
/* End XCConfigurationList section */
	};
	rootObject = EFCD99C0210D7E6800BB446C /* Project object */;
}
